
Microsoft Visual Studio Solution File, Format Version 12.00
# Visual Studio Version 16
VisualStudioVersion = 16.0.30621.155
MinimumVisualStudioVersion = 10.0.40219.1
Project("{FAE04EC0-301F-11D3-BF4B-00C04F79EFBC}") = "ATCBB", "Advanced Team Creation But Better\ATCBB.csproj", "{C317DDFD-CBE5-46B3-A399-7A11C8960D86}"
EndProject
Global
	GlobalSection(SolutionConfigurationPlatforms) = preSolution
		Debug|Any CPU = Debug|Any CPU
		Release|Any CPU = Release|Any CPU
	EndGlobalSection
	GlobalSection(ProjectConfigurationPlatforms) = postSolution
		{C317DDFD-CBE5-46B3-A399-7A11C8960D86}.Debug|Any CPU.ActiveCfg = Debug|Any CPU
		{C317DDFD-CBE5-46B3-A399-7A11C8960D86}.Debug|Any CPU.Build.0 = Debug|Any CPU
		{C317DDFD-CBE5-46B3-A399-7A11C8960D86}.Release|Any CPU.ActiveCfg = Release|Any CPU
		{C317DDFD-CBE5-46B3-A399-7A11C8960D86}.Release|Any CPU.Build.0 = Release|Any CPU
	EndGlobalSection
	GlobalSection(SolutionProperties) = preSolution
		HideSolutionNode = FALSE
	EndGlobalSection
	GlobalSection(ExtensibilityGlobals) = postSolution
		SolutionGuid = {C3C9A997-9D1A-4CCE-9E91-263734BC5009}
	EndGlobalSection
EndGlobal
